// !$*UTF8*$!
{
	archiveVersion = 1;
	classes = {
	};
	objectVersion = 50;
	objects = {

/* Begin PBXBuildFile section */
		9030B0F420BDB175005463AF /* che_base_define.h in Headers */ = {isa = PBXBuildFile; fileRef = 9030B0F220BDB175005463AF /* che_base_define.h */; };
		9030B0F520BDB175005463AF /* che_base_object.h in Headers */ = {isa = PBXBuildFile; fileRef = 9030B0F320BDB175005463AF /* che_base_object.h */; };
		9030B10320BDB27F005463AF /* che_base_object.cpp in Sources */ = {isa = PBXBuildFile; fileRef = 9030B10220BDB27F005463AF /* che_base_object.cpp */; };
		9030B10520BDB27F005463AF /* che_base_string.h in Headers */ = {isa = PBXBuildFile; fileRef = 9030B10420BDB27F005463AF /* che_base_string.h */; };
		9030B10720BDB27F005463AF /* che_base_string.cpp in Sources */ = {isa = PBXBuildFile; fileRef = 9030B10620BDB27F005463AF /* che_base_string.cpp */; };
		9030B10920BDB27F005463AF /* che_pdf_crypto.h in Headers */ = {isa = PBXBuildFile; fileRef = 9030B10820BDB27F005463AF /* che_pdf_crypto.h */; };
		9030B10B20BFEBF0005463AF /* che_pdf_crypto.cpp in Sources */ = {isa = PBXBuildFile; fileRef = 9030B10A20BFEBF0005463AF /* che_pdf_crypto.cpp */; };
		9030B10F20C00EBA005463AF /* che_crypto_rc4.h in Headers */ = {isa = PBXBuildFile; fileRef = 9030B10C20C00EB9005463AF /* che_crypto_rc4.h */; };
		9030B11020C00EBA005463AF /* che_hash_md5.h in Headers */ = {isa = PBXBuildFile; fileRef = 9030B10D20C00EBA005463AF /* che_hash_md5.h */; };
		9030B11120C00EBA005463AF /* che_crypto_aes.h in Headers */ = {isa = PBXBuildFile; fileRef = 9030B10E20C00EBA005463AF /* che_crypto_aes.h */; };
		9030B11420C00F1F005463AF /* che_crypto_aes.cpp in Sources */ = {isa = PBXBuildFile; fileRef = 9030B11220C00F1F005463AF /* che_crypto_aes.cpp */; };
		9030B11520C00F1F005463AF /* che_crypto_rc4.cpp in Sources */ = {isa = PBXBuildFile; fileRef = 9030B11320C00F1F005463AF /* che_crypto_rc4.cpp */; };
		9030B11720C00FBE005463AF /* che_hash_md5.cpp in Sources */ = {isa = PBXBuildFile; fileRef = 9030B11620C00FBE005463AF /* che_hash_md5.cpp */; };
		903A7DA720C4E31D00BFCCF8 /* che_pdf_filter.cpp in Sources */ = {isa = PBXBuildFile; fileRef = 903A7DA620C4E31D00BFCCF8 /* che_pdf_filter.cpp */; };
		903A7DA920C4E32500BFCCF8 /* che_pdf_filter.h in Headers */ = {isa = PBXBuildFile; fileRef = 903A7DA820C4E32500BFCCF8 /* che_pdf_filter.h */; };
		90EF232820C1508200D959C6 /* che_pdf_object.cpp in Sources */ = {isa = PBXBuildFile; fileRef = 90EF232720C1508200D959C6 /* che_pdf_object.cpp */; };
		90EF232A20C1509100D959C6 /* che_pdf_object.h in Headers */ = {isa = PBXBuildFile; fileRef = 90EF232920C1509100D959C6 /* che_pdf_object.h */; };
/* End PBXBuildFile section */

/* Begin PBXFileReference section */
		9030B0E720BDAFA0005463AF /* libchepdf.a */ = {isa = PBXFileReference; explicitFileType = archive.ar; includeInIndex = 0; path = libchepdf.a; sourceTree = BUILT_PRODUCTS_DIR; };
		9030B0F220BDB175005463AF /* che_base_define.h */ = {isa = PBXFileReference; fileEncoding = 4; lastKnownFileType = sourcecode.c.h; path = che_base_define.h; sourceTree = "<group>"; };
		9030B0F320BDB175005463AF /* che_base_object.h */ = {isa = PBXFileReference; fileEncoding = 4; lastKnownFileType = sourcecode.c.h; path = che_base_object.h; sourceTree = "<group>"; };
		9030B10220BDB27F005463AF /* che_base_object.cpp */ = {isa = PBXFileReference; fileEncoding = 4; lastKnownFileType = sourcecode.cpp.cpp; name = che_base_object.cpp; path = ../../../source/che_base_object.cpp; sourceTree = "<group>"; };
		9030B10420BDB27F005463AF /* che_base_string.h */ = {isa = PBXFileReference; fileEncoding = 4; lastKnownFileType = sourcecode.c.h; path = che_base_string.h; sourceTree = "<group>"; };
		9030B10620BDB27F005463AF /* che_base_string.cpp */ = {isa = PBXFileReference; fileEncoding = 4; lastKnownFileType = sourcecode.cpp.cpp; name = che_base_string.cpp; path = ../../../source/che_base_string.cpp; sourceTree = "<group>"; };
		9030B10820BDB27F005463AF /* che_pdf_crypto.h */ = {isa = PBXFileReference; fileEncoding = 4; lastKnownFileType = sourcecode.c.h; path = che_pdf_crypto.h; sourceTree = "<group>"; };
		9030B10A20BFEBF0005463AF /* che_pdf_crypto.cpp */ = {isa = PBXFileReference; fileEncoding = 4; lastKnownFileType = sourcecode.cpp.cpp; name = che_pdf_crypto.cpp; path = ../../../source/che_pdf_crypto.cpp; sourceTree = "<group>"; };
		9030B10C20C00EB9005463AF /* che_crypto_rc4.h */ = {isa = PBXFileReference; fileEncoding = 4; lastKnownFileType = sourcecode.c.h; path = che_crypto_rc4.h; sourceTree = "<group>"; };
		9030B10D20C00EBA005463AF /* che_hash_md5.h */ = {isa = PBXFileReference; fileEncoding = 4; lastKnownFileType = sourcecode.c.h; path = che_hash_md5.h; sourceTree = "<group>"; };
		9030B10E20C00EBA005463AF /* che_crypto_aes.h */ = {isa = PBXFileReference; fileEncoding = 4; lastKnownFileType = sourcecode.c.h; path = che_crypto_aes.h; sourceTree = "<group>"; };
		9030B11220C00F1F005463AF /* che_crypto_aes.cpp */ = {isa = PBXFileReference; fileEncoding = 4; lastKnownFileType = sourcecode.cpp.cpp; name = che_crypto_aes.cpp; path = ../../../source/che_crypto_aes.cpp; sourceTree = "<group>"; };
		9030B11320C00F1F005463AF /* che_crypto_rc4.cpp */ = {isa = PBXFileReference; fileEncoding = 4; lastKnownFileType = sourcecode.cpp.cpp; name = che_crypto_rc4.cpp; path = ../../../source/che_crypto_rc4.cpp; sourceTree = "<group>"; };
		9030B11620C00FBE005463AF /* che_hash_md5.cpp */ = {isa = PBXFileReference; fileEncoding = 4; lastKnownFileType = sourcecode.cpp.cpp; name = che_hash_md5.cpp; path = ../../../source/che_hash_md5.cpp; sourceTree = "<group>"; };
		903A7DA620C4E31D00BFCCF8 /* che_pdf_filter.cpp */ = {isa = PBXFileReference; fileEncoding = 4; lastKnownFileType = sourcecode.cpp.cpp; name = che_pdf_filter.cpp; path = ../../../source/che_pdf_filter.cpp; sourceTree = "<group>"; };
		903A7DA820C4E32500BFCCF8 /* che_pdf_filter.h */ = {isa = PBXFileReference; fileEncoding = 4; lastKnownFileType = sourcecode.c.h; path = che_pdf_filter.h; sourceTree = "<group>"; };
		90EF232720C1508200D959C6 /* che_pdf_object.cpp */ = {isa = PBXFileReference; fileEncoding = 4; lastKnownFileType = sourcecode.cpp.cpp; name = che_pdf_object.cpp; path = ../../../source/che_pdf_object.cpp; sourceTree = "<group>"; };
		90EF232920C1509100D959C6 /* che_pdf_object.h */ = {isa = PBXFileReference; fileEncoding = 4; lastKnownFileType = sourcecode.c.h; path = che_pdf_object.h; sourceTree = "<group>"; };
/* End PBXFileReference section */

/* Begin PBXFrameworksBuildPhase section */
		9030B0E420BDAFA0005463AF /* Frameworks */ = {
			isa = PBXFrameworksBuildPhase;
			buildActionMask = 2147483647;
			files = (
			);
			runOnlyForDeploymentPostprocessing = 0;
		};
/* End PBXFrameworksBuildPhase section */

/* Begin PBXGroup section */
		9030B0DE20BDAFA0005463AF = {
			isa = PBXGroup;
			children = (
				9030B0F120BDB14C005463AF /* source */,
				9030B0F020BDB146005463AF /* include */,
				9030B0E820BDAFA0005463AF /* Products */,
			);
			sourceTree = "<group>";
		};
		9030B0E820BDAFA0005463AF /* Products */ = {
			isa = PBXGroup;
			children = (
				9030B0E720BDAFA0005463AF /* libchepdf.a */,
			);
			name = Products;
			sourceTree = "<group>";
		};
		9030B0F020BDB146005463AF /* include */ = {
			isa = PBXGroup;
			children = (
				9030B0F220BDB175005463AF /* che_base_define.h */,
				9030B0F320BDB175005463AF /* che_base_object.h */,
				9030B10420BDB27F005463AF /* che_base_string.h */,
				9030B10E20C00EBA005463AF /* che_crypto_aes.h */,
				9030B10C20C00EB9005463AF /* che_crypto_rc4.h */,
				9030B10D20C00EBA005463AF /* che_hash_md5.h */,
				9030B10820BDB27F005463AF /* che_pdf_crypto.h */,
				90EF232920C1509100D959C6 /* che_pdf_object.h */,
				903A7DA820C4E32500BFCCF8 /* che_pdf_filter.h */,
			);
			name = include;
			path = ../../../include;
			sourceTree = "<group>";
		};
		9030B0F120BDB14C005463AF /* source */ = {
			isa = PBXGroup;
			children = (
				9030B10220BDB27F005463AF /* che_base_object.cpp */,
				9030B10620BDB27F005463AF /* che_base_string.cpp */,
				9030B11220C00F1F005463AF /* che_crypto_aes.cpp */,
				9030B11320C00F1F005463AF /* che_crypto_rc4.cpp */,
				9030B11620C00FBE005463AF /* che_hash_md5.cpp */,
				9030B10A20BFEBF0005463AF /* che_pdf_crypto.cpp */,
				90EF232720C1508200D959C6 /* che_pdf_object.cpp */,
				903A7DA620C4E31D00BFCCF8 /* che_pdf_filter.cpp */,
			);
			name = source;
			sourceTree = "<group>";
		};
/* End PBXGroup section */

/* Begin PBXHeadersBuildPhase section */
		9030B0E520BDAFA0005463AF /* Headers */ = {
			isa = PBXHeadersBuildPhase;
			buildActionMask = 2147483647;
			files = (
				90EF232A20C1509100D959C6 /* che_pdf_object.h in Headers */,
				9030B10F20C00EBA005463AF /* che_crypto_rc4.h in Headers */,
				9030B10920BDB27F005463AF /* che_pdf_crypto.h in Headers */,
				9030B11020C00EBA005463AF /* che_hash_md5.h in Headers */,
				9030B11120C00EBA005463AF /* che_crypto_aes.h in Headers */,
				903A7DA920C4E32500BFCCF8 /* che_pdf_filter.h in Headers */,
				9030B0F420BDB175005463AF /* che_base_define.h in Headers */,
				9030B10520BDB27F005463AF /* che_base_string.h in Headers */,
				9030B0F520BDB175005463AF /* che_base_object.h in Headers */,
			);
			runOnlyForDeploymentPostprocessing = 0;
		};
/* End PBXHeadersBuildPhase section */

/* Begin PBXNativeTarget section */
		9030B0E620BDAFA0005463AF /* chepdf */ = {
			isa = PBXNativeTarget;
			buildConfigurationList = 9030B0EB20BDAFA0005463AF /* Build configuration list for PBXNativeTarget "chepdf" */;
			buildPhases = (
				9030B0E320BDAFA0005463AF /* Sources */,
				9030B0E420BDAFA0005463AF /* Frameworks */,
				9030B0E520BDAFA0005463AF /* Headers */,
			);
			buildRules = (
			);
			dependencies = (
			);
			name = chepdf;
			productName = chepdf;
			productReference = 9030B0E720BDAFA0005463AF /* libchepdf.a */;
			productType = "com.apple.product-type.library.static";
		};
/* End PBXNativeTarget section */

/* Begin PBXProject section */
		9030B0DF20BDAFA0005463AF /* Project object */ = {
			isa = PBXProject;
			attributes = {
				LastUpgradeCheck = 0930;
				ORGANIZATIONNAME = zencher;
				TargetAttributes = {
					9030B0E620BDAFA0005463AF = {
						CreatedOnToolsVersion = 9.3;
					};
				};
			};
			buildConfigurationList = 9030B0E220BDAFA0005463AF /* Build configuration list for PBXProject "chepdf" */;
			compatibilityVersion = "Xcode 9.3";
			developmentRegion = en;
			hasScannedForEncodings = 0;
			knownRegions = (
				en,
			);
			mainGroup = 9030B0DE20BDAFA0005463AF;
			productRefGroup = 9030B0E820BDAFA0005463AF /* Products */;
			projectDirPath = "";
			projectRoot = "";
			targets = (
				9030B0E620BDAFA0005463AF /* chepdf */,
			);
		};
/* End PBXProject section */

/* Begin PBXSourcesBuildPhase section */
		9030B0E320BDAFA0005463AF /* Sources */ = {
			isa = PBXSourcesBuildPhase;
			buildActionMask = 2147483647;
			files = (
				9030B10720BDB27F005463AF /* che_base_string.cpp in Sources */,
				903A7DA720C4E31D00BFCCF8 /* che_pdf_filter.cpp in Sources */,
				90EF232820C1508200D959C6 /* che_pdf_object.cpp in Sources */,
				9030B10320BDB27F005463AF /* che_base_object.cpp in Sources */,
				9030B10B20BFEBF0005463AF /* che_pdf_crypto.cpp in Sources */,
				9030B11720C00FBE005463AF /* che_hash_md5.cpp in Sources */,
				9030B11420C00F1F005463AF /* che_crypto_aes.cpp in Sources */,
				9030B11520C00F1F005463AF /* che_crypto_rc4.cpp in Sources */,
			);
			runOnlyForDeploymentPostprocessing = 0;
		};
/* End PBXSourcesBuildPhase section */

/* Begin XCBuildConfiguration section */
		9030B0E920BDAFA0005463AF /* Debug */ = {
			isa = XCBuildConfiguration;
			buildSettings = {
				ALWAYS_SEARCH_USER_PATHS = NO;
				CLANG_ANALYZER_NONNULL = YES;
				CLANG_ANALYZER_NUMBER_OBJECT_CONVERSION = YES_AGGRESSIVE;
				CLANG_CXX_LANGUAGE_STANDARD = "gnu++14";
				CLANG_CXX_LIBRARY = "libc++";
				CLANG_ENABLE_MODULES = YES;
				CLANG_ENABLE_OBJC_ARC = YES;
				CLANG_ENABLE_OBJC_WEAK = YES;
				CLANG_WARN_BLOCK_CAPTURE_AUTORELEASING = YES;
				CLANG_WARN_BOOL_CONVERSION = YES;
				CLANG_WARN_COMMA = YES;
				CLANG_WARN_CONSTANT_CONVERSION = YES;
				CLANG_WARN_DEPRECATED_OBJC_IMPLEMENTATIONS = YES;
				CLANG_WARN_DIRECT_OBJC_ISA_USAGE = YES_ERROR;
				CLANG_WARN_DOCUMENTATION_COMMENTS = YES;
				CLANG_WARN_EMPTY_BODY = YES;
				CLANG_WARN_ENUM_CONVERSION = YES;
				CLANG_WARN_INFINITE_RECURSION = YES;
				CLANG_WARN_INT_CONVERSION = YES;
				CLANG_WARN_NON_LITERAL_NULL_CONVERSION = YES;
				CLANG_WARN_OBJC_IMPLICIT_RETAIN_SELF = YES;
				CLANG_WARN_OBJC_LITERAL_CONVERSION = YES;
				CLANG_WARN_OBJC_ROOT_CLASS = YES_ERROR;
				CLANG_WARN_RANGE_LOOP_ANALYSIS = YES;
				CLANG_WARN_STRICT_PROTOTYPES = YES;
				CLANG_WARN_SUSPICIOUS_MOVE = YES;
				CLANG_WARN_UNGUARDED_AVAILABILITY = YES_AGGRESSIVE;
				CLANG_WARN_UNREACHABLE_CODE = YES;
				CLANG_WARN__DUPLICATE_METHOD_MATCH = YES;
				CODE_SIGN_IDENTITY = "-";
				COPY_PHASE_STRIP = NO;
				DEBUG_INFORMATION_FORMAT = dwarf;
				ENABLE_STRICT_OBJC_MSGSEND = YES;
				ENABLE_TESTABILITY = YES;
				GCC_C_LANGUAGE_STANDARD = gnu11;
				GCC_DYNAMIC_NO_PIC = NO;
				GCC_NO_COMMON_BLOCKS = YES;
				GCC_OPTIMIZATION_LEVEL = 0;
				GCC_PREPROCESSOR_DEFINITIONS = (
					"DEBUG=1",
					"$(inherited)",
				);
				GCC_WARN_64_TO_32_BIT_CONVERSION = YES;
				GCC_WARN_ABOUT_RETURN_TYPE = YES_ERROR;
				GCC_WARN_UNDECLARED_SELECTOR = YES;
				GCC_WARN_UNINITIALIZED_AUTOS = YES_AGGRESSIVE;
				GCC_WARN_UNUSED_FUNCTION = YES;
				GCC_WARN_UNUSED_VARIABLE = YES;
				MACOSX_DEPLOYMENT_TARGET = 10.13;
				MTL_ENABLE_DEBUG_INFO = YES;
				ONLY_ACTIVE_ARCH = YES;
				SDKROOT = macosx;
				SYSTEM_HEADER_SEARCH_PATHS = (
					"/usr/local/include/openjpeg-2.3/",
					/usr/local/include/,
				);
			};
			name = Debug;
		};
		9030B0EA20BDAFA0005463AF /* Release */ = {
			isa = XCBuildConfiguration;
			buildSettings = {
				ALWAYS_SEARCH_USER_PATHS = NO;
				CLANG_ANALYZER_NONNULL = YES;
				CLANG_ANALYZER_NUMBER_OBJECT_CONVERSION = YES_AGGRESSIVE;
				CLANG_CXX_LANGUAGE_STANDARD = "gnu++14";
				CLANG_CXX_LIBRARY = "libc++";
				CLANG_ENABLE_MODULES = YES;
				CLANG_ENABLE_OBJC_ARC = YES;
				CLANG_ENABLE_OBJC_WEAK = YES;
				CLANG_WARN_BLOCK_CAPTURE_AUTORELEASING = YES;
				CLANG_WARN_BOOL_CONVERSION = YES;
				CLANG_WARN_COMMA = YES;
				CLANG_WARN_CONSTANT_CONVERSION = YES;
				CLANG_WARN_DEPRECATED_OBJC_IMPLEMENTATIONS = YES;
				CLANG_WARN_DIRECT_OBJC_ISA_USAGE = YES_ERROR;
				CLANG_WARN_DOCUMENTATION_COMMENTS = YES;
				CLANG_WARN_EMPTY_BODY = YES;
				CLANG_WARN_ENUM_CONVERSION = YES;
				CLANG_WARN_INFINITE_RECURSION = YES;
				CLANG_WARN_INT_CONVERSION = YES;
				CLANG_WARN_NON_LITERAL_NULL_CONVERSION = YES;
				CLANG_WARN_OBJC_IMPLICIT_RETAIN_SELF = YES;
				CLANG_WARN_OBJC_LITERAL_CONVERSION = YES;
				CLANG_WARN_OBJC_ROOT_CLASS = YES_ERROR;
				CLANG_WARN_RANGE_LOOP_ANALYSIS = YES;
				CLANG_WARN_STRICT_PROTOTYPES = YES;
				CLANG_WARN_SUSPICIOUS_MOVE = YES;
				CLANG_WARN_UNGUARDED_AVAILABILITY = YES_AGGRESSIVE;
				CLANG_WARN_UNREACHABLE_CODE = YES;
				CLANG_WARN__DUPLICATE_METHOD_MATCH = YES;
				CODE_SIGN_IDENTITY = "-";
				COPY_PHASE_STRIP = NO;
				DEBUG_INFORMATION_FORMAT = "dwarf-with-dsym";
				ENABLE_NS_ASSERTIONS = NO;
				ENABLE_STRICT_OBJC_MSGSEND = YES;
				GCC_C_LANGUAGE_STANDARD = gnu11;
				GCC_NO_COMMON_BLOCKS = YES;
				GCC_PREPROCESSOR_DEFINITIONS = "";
				GCC_WARN_64_TO_32_BIT_CONVERSION = YES;
				GCC_WARN_ABOUT_RETURN_TYPE = YES_ERROR;
				GCC_WARN_UNDECLARED_SELECTOR = YES;
				GCC_WARN_UNINITIALIZED_AUTOS = YES_AGGRESSIVE;
				GCC_WARN_UNUSED_FUNCTION = YES;
				GCC_WARN_UNUSED_VARIABLE = YES;
				MACOSX_DEPLOYMENT_TARGET = 10.13;
				MTL_ENABLE_DEBUG_INFO = NO;
				SDKROOT = macosx;
				SYSTEM_HEADER_SEARCH_PATHS = (
					"/usr/local/include/openjpeg-2.3/",
					/usr/local/include/,
				);
			};
			name = Release;
		};
		9030B0EC20BDAFA0005463AF /* Debug */ = {
			isa = XCBuildConfiguration;
			buildSettings = {
				CODE_SIGN_STYLE = Automatic;
				EXECUTABLE_PREFIX = lib;
				GCC_PREPROCESSOR_DEFINITIONS = (
					_MAC_OS_X_,
					HAVE_STDINT_H,
					OPJ_STATIC,
					FT2_BUILD_LIBRARY,
				);
				PRODUCT_NAME = "$(TARGET_NAME)";
				SKIP_INSTALL = YES;
			};
			name = Debug;
		};
		9030B0ED20BDAFA0005463AF /* Release */ = {
			isa = XCBuildConfiguration;
			buildSettings = {
				CODE_SIGN_STYLE = Automatic;
				EXECUTABLE_PREFIX = lib;
				GCC_PREPROCESSOR_DEFINITIONS = (
					_MAC_OS_X_,
					HAVE_STDINT_H,
					OPJ_STATIC,
					FT2_BUILD_LIBRARY,
				);
				PRODUCT_NAME = "$(TARGET_NAME)";
				SKIP_INSTALL = YES;
			};
			name = Release;
		};
/* End XCBuildConfiguration section */

/* Begin XCConfigurationList section */
		9030B0E220BDAFA0005463AF /* Build configuration list for PBXProject "chepdf" */ = {
			isa = XCConfigurationList;
			buildConfigurations = (
				9030B0E920BDAFA0005463AF /* Debug */,
				9030B0EA20BDAFA0005463AF /* Release */,
			);
			defaultConfigurationIsVisible = 0;
			defaultConfigurationName = Release;
		};
		9030B0EB20BDAFA0005463AF /* Build configuration list for PBXNativeTarget "chepdf" */ = {
			isa = XCConfigurationList;
			buildConfigurations = (
				9030B0EC20BDAFA0005463AF /* Debug */,
				9030B0ED20BDAFA0005463AF /* Release */,
			);
			defaultConfigurationIsVisible = 0;
			defaultConfigurationName = Release;
		};
/* End XCConfigurationList section */
	};
	rootObject = 9030B0DF20BDAFA0005463AF /* Project object */;
}
