// !$*UTF8*$!
{
	archiveVersion = 1;
	classes = {
	};
	objectVersion = 50;
	objects = {

/* Begin PBXBuildFile section */
		9030B0F420BDB175005463AF /* che_base_define.h in Headers */ = {isa = PBXBuildFile; fileRef = 9030B0F220BDB175005463AF /* che_base_define.h */; };
		9030B0F520BDB175005463AF /* che_base_object.h in Headers */ = {isa = PBXBuildFile; fileRef = 9030B0F320BDB175005463AF /* che_base_object.h */; };
		9030B10320BDB27F005463AF /* che_base_object.cpp in Sources */ = {isa = PBXBuildFile; fileRef = 9030B10220BDB27F005463AF /* che_base_object.cpp */; };
		9030B10520BDB27F005463AF /* che_base_string.h in Headers */ = {isa = PBXBuildFile; fileRef = 9030B10420BDB27F005463AF /* che_base_string.h */; };
		9030B10720BDB27F005463AF /* che_base_string.cpp in Sources */ = {isa = PBXBuildFile; fileRef = 9030B10620BDB27F005463AF /* che_base_string.cpp */; };
/* End PBXBuildFile section */

/* Begin PBXFileReference section */
		9030B0E720BDAFA0005463AF /* libchepdf.a */ = {isa = PBXFileReference; explicitFileType = archive.ar; includeInIndex = 0; path = libchepdf.a; sourceTree = BUILT_PRODUCTS_DIR; };
		9030B0F220BDB175005463AF /* che_base_define.h */ = {isa = PBXFileReference; fileEncoding = 4; lastKnownFileType = sourcecode.c.h; name = che_base_define.h; path = ../../../../include/che_base_define.h; sourceTree = "<group>"; };
		9030B0F320BDB175005463AF /* che_base_object.h */ = {isa = PBXFileReference; fileEncoding = 4; lastKnownFileType = sourcecode.c.h; name = che_base_object.h; path = ../../../../include/che_base_object.h; sourceTree = "<group>"; };
		9030B10220BDB27F005463AF /* che_base_object.cpp */ = {isa = PBXFileReference; fileEncoding = 4; lastKnownFileType = sourcecode.cpp.cpp; name = che_base_object.cpp; path = ../../../source/che_base_object.cpp; sourceTree = "<group>"; };
		9030B10420BDB27F005463AF /* che_base_string.h */ = {isa = PBXFileReference; fileEncoding = 4; lastKnownFileType = sourcecode.c.h; name = che_base_string.h; path = ../../../../include/che_base_string.h; sourceTree = "<group>"; };
		9030B10620BDB27F005463AF /* che_base_string.cpp */ = {isa = PBXFileReference; fileEncoding = 4; lastKnownFileType = sourcecode.cpp.cpp; name = che_base_string.cpp; path = ../../../source/che_base_string.cpp; sourceTree = "<group>"; };
/* End PBXFileReference section */

/* Begin PBXFrameworksBuildPhase section */
		9030B0E420BDAFA0005463AF /* Frameworks */ = {
			isa = PBXFrameworksBuildPhase;
			buildActionMask = 2147483647;
			files = (
			);
			runOnlyForDeploymentPostprocessing = 0;
		};
/* End PBXFrameworksBuildPhase section */

/* Begin PBXGroup section */
		9030B0DE20BDAFA0005463AF = {
			isa = PBXGroup;
			children = (
				9030B0F120BDB14C005463AF /* source */,
				9030B0F020BDB146005463AF /* include */,
				9030B0E820BDAFA0005463AF /* Products */,
			);
			sourceTree = "<group>";
		};
		9030B0E820BDAFA0005463AF /* Products */ = {
			isa = PBXGroup;
			children = (
				9030B0E720BDAFA0005463AF /* libchepdf.a */,
			);
			name = Products;
			sourceTree = "<group>";
		};
		9030B0F020BDB146005463AF /* include */ = {
			isa = PBXGroup;
			children = (
				9030B0F220BDB175005463AF /* che_base_define.h */,
				9030B0F320BDB175005463AF /* che_base_object.h */,
				9030B10420BDB27F005463AF /* che_base_string.h */,
			);
			path = include;
			sourceTree = "<group>";
		};
		9030B0F120BDB14C005463AF /* source */ = {
			isa = PBXGroup;
			children = (
				9030B10620BDB27F005463AF /* che_base_string.cpp */,
				9030B10220BDB27F005463AF /* che_base_object.cpp */,
			);
			name = source;
			sourceTree = "<group>";
		};
/* End PBXGroup section */

/* Begin PBXHeadersBuildPhase section */
		9030B0E520BDAFA0005463AF /* Headers */ = {
			isa = PBXHeadersBuildPhase;
			buildActionMask = 2147483647;
			files = (
				9030B0F420BDB175005463AF /* che_base_define.h in Headers */,
				9030B10520BDB27F005463AF /* che_base_string.h in Headers */,
				9030B0F520BDB175005463AF /* che_base_object.h in Headers */,
			);
			runOnlyForDeploymentPostprocessing = 0;
		};
/* End PBXHeadersBuildPhase section */

/* Begin PBXNativeTarget section */
		9030B0E620BDAFA0005463AF /* chepdf */ = {
			isa = PBXNativeTarget;
			buildConfigurationList = 9030B0EB20BDAFA0005463AF /* Build configuration list for PBXNativeTarget "chepdf" */;
			buildPhases = (
				9030B0E320BDAFA0005463AF /* Sources */,
				9030B0E420BDAFA0005463AF /* Frameworks */,
				9030B0E520BDAFA0005463AF /* Headers */,
			);
			buildRules = (
			);
			dependencies = (
			);
			name = chepdf;
			productName = chepdf;
			productReference = 9030B0E720BDAFA0005463AF /* libchepdf.a */;
			productType = "com.apple.product-type.library.static";
		};
/* End PBXNativeTarget section */

/* Begin PBXProject section */
		9030B0DF20BDAFA0005463AF /* Project object */ = {
			isa = PBXProject;
			attributes = {
				LastUpgradeCheck = 0930;
				ORGANIZATIONNAME = zencher;
				TargetAttributes = {
					9030B0E620BDAFA0005463AF = {
						CreatedOnToolsVersion = 9.3;
					};
				};
			};
			buildConfigurationList = 9030B0E220BDAFA0005463AF /* Build configuration list for PBXProject "chepdf" */;
			compatibilityVersion = "Xcode 9.3";
			developmentRegion = en;
			hasScannedForEncodings = 0;
			knownRegions = (
				en,
			);
			mainGroup = 9030B0DE20BDAFA0005463AF;
			productRefGroup = 9030B0E820BDAFA0005463AF /* Products */;
			projectDirPath = "";
			projectRoot = "";
			targets = (
				9030B0E620BDAFA0005463AF /* chepdf */,
			);
		};
/* End PBXProject section */

/* Begin PBXSourcesBuildPhase section */
		9030B0E320BDAFA0005463AF /* Sources */ = {
			isa = PBXSourcesBuildPhase;
			buildActionMask = 2147483647;
			files = (
				9030B10720BDB27F005463AF /* che_base_string.cpp in Sources */,
				9030B10320BDB27F005463AF /* che_base_object.cpp in Sources */,
			);
			runOnlyForDeploymentPostprocessing = 0;
		};
/* End PBXSourcesBuildPhase section */

/* Begin XCBuildConfiguration section */
		9030B0E920BDAFA0005463AF /* Debug */ = {
			isa = XCBuildConfiguration;
			buildSettings = {
				ALWAYS_SEARCH_USER_PATHS = NO;
				CLANG_ANALYZER_NONNULL = YES;
				CLANG_ANALYZER_NUMBER_OBJECT_CONVERSION = YES_AGGRESSIVE;
				CLANG_CXX_LANGUAGE_STANDARD = "gnu++14";
				CLANG_CXX_LIBRARY = "libc++";
				CLANG_ENABLE_MODULES = YES;
				CLANG_ENABLE_OBJC_ARC = YES;
				CLANG_ENABLE_OBJC_WEAK = YES;
				CLANG_WARN_BLOCK_CAPTURE_AUTORELEASING = YES;
				CLANG_WARN_BOOL_CONVERSION = YES;
				CLANG_WARN_COMMA = YES;
				CLANG_WARN_CONSTANT_CONVERSION = YES;
				CLANG_WARN_DEPRECATED_OBJC_IMPLEMENTATIONS = YES;
				CLANG_WARN_DIRECT_OBJC_ISA_USAGE = YES_ERROR;
				CLANG_WARN_DOCUMENTATION_COMMENTS = YES;
				CLANG_WARN_EMPTY_BODY = YES;
				CLANG_WARN_ENUM_CONVERSION = YES;
				CLANG_WARN_INFINITE_RECURSION = YES;
				CLANG_WARN_INT_CONVERSION = YES;
				CLANG_WARN_NON_LITERAL_NULL_CONVERSION = YES;
				CLANG_WARN_OBJC_IMPLICIT_RETAIN_SELF = YES;
				CLANG_WARN_OBJC_LITERAL_CONVERSION = YES;
				CLANG_WARN_OBJC_ROOT_CLASS = YES_ERROR;
				CLANG_WARN_RANGE_LOOP_ANALYSIS = YES;
				CLANG_WARN_STRICT_PROTOTYPES = YES;
				CLANG_WARN_SUSPICIOUS_MOVE = YES;
				CLANG_WARN_UNGUARDED_AVAILABILITY = YES_AGGRESSIVE;
				CLANG_WARN_UNREACHABLE_CODE = YES;
				CLANG_WARN__DUPLICATE_METHOD_MATCH = YES;
				CODE_SIGN_IDENTITY = "-";
				COPY_PHASE_STRIP = NO;
				DEBUG_INFORMATION_FORMAT = dwarf;
				ENABLE_STRICT_OBJC_MSGSEND = YES;
				ENABLE_TESTABILITY = YES;
				GCC_C_LANGUAGE_STANDARD = gnu11;
				GCC_DYNAMIC_NO_PIC = NO;
				GCC_NO_COMMON_BLOCKS = YES;
				GCC_OPTIMIZATION_LEVEL = 0;
				GCC_PREPROCESSOR_DEFINITIONS = (
					"DEBUG=1",
					"$(inherited)",
					_MAC_OS_X_,
				);
				GCC_WARN_64_TO_32_BIT_CONVERSION = YES;
				GCC_WARN_ABOUT_RETURN_TYPE = YES_ERROR;
				GCC_WARN_UNDECLARED_SELECTOR = YES;
				GCC_WARN_UNINITIALIZED_AUTOS = YES_AGGRESSIVE;
				GCC_WARN_UNUSED_FUNCTION = YES;
				GCC_WARN_UNUSED_VARIABLE = YES;
				MACOSX_DEPLOYMENT_TARGET = 10.13;
				MTL_ENABLE_DEBUG_INFO = YES;
				ONLY_ACTIVE_ARCH = YES;
				SDKROOT = macosx;
			};
			name = Debug;
		};
		9030B0EA20BDAFA0005463AF /* Release */ = {
			isa = XCBuildConfiguration;
			buildSettings = {
				ALWAYS_SEARCH_USER_PATHS = NO;
				CLANG_ANALYZER_NONNULL = YES;
				CLANG_ANALYZER_NUMBER_OBJECT_CONVERSION = YES_AGGRESSIVE;
				CLANG_CXX_LANGUAGE_STANDARD = "gnu++14";
				CLANG_CXX_LIBRARY = "libc++";
				CLANG_ENABLE_MODULES = YES;
				CLANG_ENABLE_OBJC_ARC = YES;
				CLANG_ENABLE_OBJC_WEAK = YES;
				CLANG_WARN_BLOCK_CAPTURE_AUTORELEASING = YES;
				CLANG_WARN_BOOL_CONVERSION = YES;
				CLANG_WARN_COMMA = YES;
				CLANG_WARN_CONSTANT_CONVERSION = YES;
				CLANG_WARN_DEPRECATED_OBJC_IMPLEMENTATIONS = YES;
				CLANG_WARN_DIRECT_OBJC_ISA_USAGE = YES_ERROR;
				CLANG_WARN_DOCUMENTATION_COMMENTS = YES;
				CLANG_WARN_EMPTY_BODY = YES;
				CLANG_WARN_ENUM_CONVERSION = YES;
				CLANG_WARN_INFINITE_RECURSION = YES;
				CLANG_WARN_INT_CONVERSION = YES;
				CLANG_WARN_NON_LITERAL_NULL_CONVERSION = YES;
				CLANG_WARN_OBJC_IMPLICIT_RETAIN_SELF = YES;
				CLANG_WARN_OBJC_LITERAL_CONVERSION = YES;
				CLANG_WARN_OBJC_ROOT_CLASS = YES_ERROR;
				CLANG_WARN_RANGE_LOOP_ANALYSIS = YES;
				CLANG_WARN_STRICT_PROTOTYPES = YES;
				CLANG_WARN_SUSPICIOUS_MOVE = YES;
				CLANG_WARN_UNGUARDED_AVAILABILITY = YES_AGGRESSIVE;
				CLANG_WARN_UNREACHABLE_CODE = YES;
				CLANG_WARN__DUPLICATE_METHOD_MATCH = YES;
				CODE_SIGN_IDENTITY = "-";
				COPY_PHASE_STRIP = NO;
				DEBUG_INFORMATION_FORMAT = "dwarf-with-dsym";
				ENABLE_NS_ASSERTIONS = NO;
				ENABLE_STRICT_OBJC_MSGSEND = YES;
				GCC_C_LANGUAGE_STANDARD = gnu11;
				GCC_NO_COMMON_BLOCKS = YES;
				GCC_PREPROCESSOR_DEFINITIONS = _MAC_OS_X_;
				GCC_WARN_64_TO_32_BIT_CONVERSION = YES;
				GCC_WARN_ABOUT_RETURN_TYPE = YES_ERROR;
				GCC_WARN_UNDECLARED_SELECTOR = YES;
				GCC_WARN_UNINITIALIZED_AUTOS = YES_AGGRESSIVE;
				GCC_WARN_UNUSED_FUNCTION = YES;
				GCC_WARN_UNUSED_VARIABLE = YES;
				MACOSX_DEPLOYMENT_TARGET = 10.13;
				MTL_ENABLE_DEBUG_INFO = NO;
				SDKROOT = macosx;
			};
			name = Release;
		};
		9030B0EC20BDAFA0005463AF /* Debug */ = {
			isa = XCBuildConfiguration;
			buildSettings = {
				CODE_SIGN_STYLE = Automatic;
				EXECUTABLE_PREFIX = lib;
				PRODUCT_NAME = "$(TARGET_NAME)";
				SKIP_INSTALL = YES;
			};
			name = Debug;
		};
		9030B0ED20BDAFA0005463AF /* Release */ = {
			isa = XCBuildConfiguration;
			buildSettings = {
				CODE_SIGN_STYLE = Automatic;
				EXECUTABLE_PREFIX = lib;
				PRODUCT_NAME = "$(TARGET_NAME)";
				SKIP_INSTALL = YES;
			};
			name = Release;
		};
/* End XCBuildConfiguration section */

/* Begin XCConfigurationList section */
		9030B0E220BDAFA0005463AF /* Build configuration list for PBXProject "chepdf" */ = {
			isa = XCConfigurationList;
			buildConfigurations = (
				9030B0E920BDAFA0005463AF /* Debug */,
				9030B0EA20BDAFA0005463AF /* Release */,
			);
			defaultConfigurationIsVisible = 0;
			defaultConfigurationName = Release;
		};
		9030B0EB20BDAFA0005463AF /* Build configuration list for PBXNativeTarget "chepdf" */ = {
			isa = XCConfigurationList;
			buildConfigurations = (
				9030B0EC20BDAFA0005463AF /* Debug */,
				9030B0ED20BDAFA0005463AF /* Release */,
			);
			defaultConfigurationIsVisible = 0;
			defaultConfigurationName = Release;
		};
/* End XCConfigurationList section */
	};
	rootObject = 9030B0DF20BDAFA0005463AF /* Project object */;
}
